<?xml version="1.0" encoding="utf-8"?>
<Project ToolsVersion="4.0" xmlns="http://schemas.microsoft.com/developer/msbuild/2003">
  <ItemGroup>
    <Filter Include="Source Files">
      <UniqueIdentifier>{4FC737F1-C7A5-4376-A066-2A32D752A2FF}</UniqueIdentifier>
      <Extensions>cpp;c;cc;cxx;def;odl;idl;hpj;bat;asm;asmx</Extensions>
    </Filter>
    <Filter Include="Header Files">
      <UniqueIdentifier>{93995380-89BD-4b04-88EB-625FBE52EBFB}</UniqueIdentifier>
      <Extensions>h;hh;hpp;hxx;hm;inl;inc;xsd</Extensions>
    </Filter>
    <Filter Include="Resource Files">
      <UniqueIdentifier>{67DA6AB6-F800-4c08-8B7A-83BB121AAD01}</UniqueIdentifier>
      <Extensions>rc;ico;cur;bmp;dlg;rc2;rct;bin;rgs;gif;jpg;jpeg;jpe;resx;tiff;tif;png;wav</Extensions>
    </Filter>
  </ItemGroup>
  <ItemGroup>
    <ClCompile Include="src\char_stream.cpp">
      <Filter>Source Files</Filter>
    </ClCompile>
    <ClCompile Include="src\main.cpp">
      <Filter>Source Files</Filter>
    </ClCompile>
    <ClCompile Include="src\operator.cpp">
      <Filter>Source Files</Filter>
    </ClCompile>
    <ClCompile Include="src\test_token.cpp">
      <Filter>Source Files</Filter>
    </ClCompile>
    <ClCompile Include="src\token.cpp">
      <Filter>Source Files</Filter>
    </ClCompile>
    <ClCompile Include="src\ast\expr_print.cpp">
      <Filter>Source Files</Filter>
    </ClCompile>
    <ClCompile Include="src\treewalk\statement_execute.cpp">
      <Filter>Source Files</Filter>
    </ClCompile>
    <ClCompile Include="src\parse\parse_expr.cpp">
      <Filter>Source Files</Filter>
    </ClCompile>
    <ClCompile Include="src\parse\parse_newline.cpp">
      <Filter>Source Files</Filter>
    </ClCompile>
    <ClCompile Include="src\parse\parse_program.cpp">
      <Filter>Source Files</Filter>
    </ClCompile>
    <ClCompile Include="src\parse\parse_statement.cpp">
      <Filter>Source Files</Filter>
    </ClCompile>
    <ClCompile Include="src\ast\type.cpp">
      <Filter>Source Files</Filter>
    </ClCompile>
    <ClCompile Include="src\keywords.cpp">
      <Filter>Source Files</Filter>
    </ClCompile>
    <ClCompile Include="src\treewalk.cpp">
      <Filter>Source Files</Filter>
    </ClCompile>
    <ClCompile Include="src\ast\ast.cpp">
      <Filter>Source Files</Filter>
    </ClCompile>
    <ClCompile Include="src\treewalk\eval.cpp">
      <Filter>Source Files</Filter>
    </ClCompile>
  </ItemGroup>
  <ItemGroup>
    <ClInclude Include="include\char_stream.h">
      <Filter>Header Files</Filter>
    </ClInclude>
    <ClInclude Include="include\file_pos.h">
      <Filter>Header Files</Filter>
    </ClInclude>
    <ClInclude Include="include\lang_err.h">
      <Filter>Header Files</Filter>
    </ClInclude>
    <ClInclude Include="include\macros.h">
      <Filter>Header Files</Filter>
    </ClInclude>
    <ClInclude Include="include\mixins.h">
      <Filter>Header Files</Filter>
    </ClInclude>
    <ClInclude Include="include\operator.h">
      <Filter>Header Files</Filter>
    </ClInclude>
    <ClInclude Include="include\parse.h">
      <Filter>Header Files</Filter>
    </ClInclude>
    <ClInclude Include="include\string_line_pair.h">
      <Filter>Header Files</Filter>
    </ClInclude>
    <ClInclude Include="include\test_token.h">
      <Filter>Header Files</Filter>
    </ClInclude>
    <ClInclude Include="include\token.h">
      <Filter>Header Files</Filter>
    </ClInclude>
    <ClInclude Include="include\treewalk\treewalk.h">
      <Filter>Header Files</Filter>
    </ClInclude>
    <ClInclude Include="include\ast\ast.h">
      <Filter>Header Files</Filter>
    </ClInclude>
    <ClInclude Include="include\ast\ast_object.h">
      <Filter>Header Files</Filter>
    </ClInclude>
    <ClInclude Include="include\ast\expr.h">
      <Filter>Header Files</Filter>
    </ClInclude>
    <ClInclude Include="include\ast\instance.h">
      <Filter>Header Files</Filter>
    </ClInclude>
    <ClInclude Include="include\ast\program.h">
      <Filter>Header Files</Filter>
    </ClInclude>
    <ClInclude Include="include\ast\scope.h">
      <Filter>Header Files</Filter>
    </ClInclude>
    <ClInclude Include="include\ast\statement.h">
      <Filter>Header Files</Filter>
    </ClInclude>
    <ClInclude Include="include\ast\type.h">
      <Filter>Header Files</Filter>
    </ClInclude>
    <ClInclude Include="include\ast\value.h">
      <Filter>Header Files</Filter>
    </ClInclude>
    <ClInclude Include="include\keywords.h">
      <Filter>Header Files</Filter>
    </ClInclude>
    <ClInclude Include="include\treewalk\eval.h">
      <Filter>Header Files</Filter>
    </ClInclude>
    <ClInclude Include="include\treewalk\live_value.h">
      <Filter>Header Files</Filter>
    </ClInclude>
    <ClInclude Include="include\treewalk\live_instance.h">
      <Filter>Header Files</Filter>
    </ClInclude>
    <ClInclude Include="include\treewalk\execute.h">
      <Filter>Header Files</Filter>
    </ClInclude>
  </ItemGroup>
  <ItemGroup>
    <None Include="examples\bugged_prog.sol" />
  </ItemGroup>
  <ItemGroup>
    <Text Include="resource\def_operators.txt" />
    <Text Include="resource\def_tokens.txt" />
  </ItemGroup>
</Project>